// !$*UTF8*$!
{
	archiveVersion = 1;
	classes = {
	};
	objectVersion = 46;
	objects = {

/* Begin PBXBuildFile section */
		1288F0031DEB5FBD00FD7FBE /* AppDelegate.swift in Sources */ = {isa = PBXBuildFile; fileRef = 1288F0021DEB5FBD00FD7FBE /* AppDelegate.swift */; };
		1288F0051DEB5FBD00FD7FBE /* ViewController.swift in Sources */ = {isa = PBXBuildFile; fileRef = 1288F0041DEB5FBD00FD7FBE /* ViewController.swift */; };
		1288F0081DEB5FBD00FD7FBE /* Main.storyboard in Resources */ = {isa = PBXBuildFile; fileRef = 1288F0061DEB5FBD00FD7FBE /* Main.storyboard */; };
		1288F00A1DEB5FBD00FD7FBE /* Assets.xcassets in Resources */ = {isa = PBXBuildFile; fileRef = 1288F0091DEB5FBD00FD7FBE /* Assets.xcassets */; };
		1288F00D1DEB5FBD00FD7FBE /* LaunchScreen.storyboard in Resources */ = {isa = PBXBuildFile; fileRef = 1288F00B1DEB5FBD00FD7FBE /* LaunchScreen.storyboard */; };
		1288F0151DEB61FC00FD7FBE /* EVEAPI.framework in Frameworks */ = {isa = PBXBuildFile; fileRef = 1288F0141DEB61FC00FD7FBE /* EVEAPI.framework */; };
		1288F0161DEB61FC00FD7FBE /* EVEAPI.framework in Embed Frameworks */ = {isa = PBXBuildFile; fileRef = 1288F0141DEB61FC00FD7FBE /* EVEAPI.framework */; settings = {ATTRIBUTES = (CodeSignOnCopy, RemoveHeadersOnCopy, ); }; };
		12BC409A1DFDA13E00657D40 /* Alamofire.framework in Frameworks */ = {isa = PBXBuildFile; fileRef = 12BC40991DFDA13E00657D40 /* Alamofire.framework */; };
		12BC409B1DFDA13E00657D40 /* Alamofire.framework in Embed Frameworks */ = {isa = PBXBuildFile; fileRef = 12BC40991DFDA13E00657D40 /* Alamofire.framework */; settings = {ATTRIBUTES = (CodeSignOnCopy, RemoveHeadersOnCopy, ); }; };
/* End PBXBuildFile section */

/* Begin PBXCopyFilesBuildPhase section */
		1288F0171DEB61FC00FD7FBE /* Embed Frameworks */ = {
			isa = PBXCopyFilesBuildPhase;
			buildActionMask = 2147483647;
			dstPath = "";
			dstSubfolderSpec = 10;
			files = (
				1288F0161DEB61FC00FD7FBE /* EVEAPI.framework in Embed Frameworks */,
				12BC409B1DFDA13E00657D40 /* Alamofire.framework in Embed Frameworks */,
			);
			name = "Embed Frameworks";
			runOnlyForDeploymentPostprocessing = 0;
		};
/* End PBXCopyFilesBuildPhase section */

/* Begin PBXFileReference section */
		1288EFFF1DEB5FBD00FD7FBE /* Develop.app */ = {isa = PBXFileReference; explicitFileType = wrapper.application; includeInIndex = 0; path = Develop.app; sourceTree = BUILT_PRODUCTS_DIR; };
		1288F0021DEB5FBD00FD7FBE /* AppDelegate.swift */ = {isa = PBXFileReference; lastKnownFileType = sourcecode.swift; path = AppDelegate.swift; sourceTree = "<group>"; };
		1288F0041DEB5FBD00FD7FBE /* ViewController.swift */ = {isa = PBXFileReference; lastKnownFileType = sourcecode.swift; path = ViewController.swift; sourceTree = "<group>"; };
		1288F0071DEB5FBD00FD7FBE /* Base */ = {isa = PBXFileReference; lastKnownFileType = file.storyboard; name = Base; path = Base.lproj/Main.storyboard; sourceTree = "<group>"; };
		1288F0091DEB5FBD00FD7FBE /* Assets.xcassets */ = {isa = PBXFileReference; lastKnownFileType = folder.assetcatalog; path = Assets.xcassets; sourceTree = "<group>"; };
		1288F00C1DEB5FBD00FD7FBE /* Base */ = {isa = PBXFileReference; lastKnownFileType = file.storyboard; name = Base; path = Base.lproj/LaunchScreen.storyboard; sourceTree = "<group>"; };
		1288F00E1DEB5FBD00FD7FBE /* Info.plist */ = {isa = PBXFileReference; lastKnownFileType = text.plist.xml; path = Info.plist; sourceTree = "<group>"; };
		1288F0141DEB61FC00FD7FBE /* EVEAPI.framework */ = {isa = PBXFileReference; explicitFileType = wrapper.framework; path = EVEAPI.framework; sourceTree = BUILT_PRODUCTS_DIR; };
		12BC40991DFDA13E00657D40 /* Alamofire.framework */ = {isa = PBXFileReference; explicitFileType = wrapper.framework; path = Alamofire.framework; sourceTree = BUILT_PRODUCTS_DIR; };
/* End PBXFileReference section */

/* Begin PBXFrameworksBuildPhase section */
		1288EFFC1DEB5FBD00FD7FBE /* Frameworks */ = {
			isa = PBXFrameworksBuildPhase;
			buildActionMask = 2147483647;
			files = (
				1288F0151DEB61FC00FD7FBE /* EVEAPI.framework in Frameworks */,
				12BC409A1DFDA13E00657D40 /* Alamofire.framework in Frameworks */,
			);
			runOnlyForDeploymentPostprocessing = 0;
		};
/* End PBXFrameworksBuildPhase section */

/* Begin PBXGroup section */
		1288EFF61DEB5FBD00FD7FBE = {
			isa = PBXGroup;
			children = (
				12BC40991DFDA13E00657D40 /* Alamofire.framework */,
				1288F0141DEB61FC00FD7FBE /* EVEAPI.framework */,
				1288F0011DEB5FBD00FD7FBE /* Develop */,
				1288F0001DEB5FBD00FD7FBE /* Products */,
			);
			sourceTree = "<group>";
		};
		1288F0001DEB5FBD00FD7FBE /* Products */ = {
			isa = PBXGroup;
			children = (
				1288EFFF1DEB5FBD00FD7FBE /* Develop.app */,
			);
			name = Products;
			sourceTree = "<group>";
		};
		1288F0011DEB5FBD00FD7FBE /* Develop */ = {
			isa = PBXGroup;
			children = (
				1288F0021DEB5FBD00FD7FBE /* AppDelegate.swift */,
				1288F0041DEB5FBD00FD7FBE /* ViewController.swift */,
				1288F0061DEB5FBD00FD7FBE /* Main.storyboard */,
				1288F0091DEB5FBD00FD7FBE /* Assets.xcassets */,
				1288F00B1DEB5FBD00FD7FBE /* LaunchScreen.storyboard */,
				1288F00E1DEB5FBD00FD7FBE /* Info.plist */,
			);
			path = Develop;
			sourceTree = "<group>";
		};
/* End PBXGroup section */

/* Begin PBXNativeTarget section */
		1288EFFE1DEB5FBD00FD7FBE /* Develop */ = {
			isa = PBXNativeTarget;
			buildConfigurationList = 1288F0111DEB5FBD00FD7FBE /* Build configuration list for PBXNativeTarget "Develop" */;
			buildPhases = (
				1288EFFB1DEB5FBD00FD7FBE /* Sources */,
				1288EFFC1DEB5FBD00FD7FBE /* Frameworks */,
				1288EFFD1DEB5FBD00FD7FBE /* Resources */,
				1288F0171DEB61FC00FD7FBE /* Embed Frameworks */,
			);
			buildRules = (
			);
			dependencies = (
			);
			name = Develop;
			productName = Develop;
			productReference = 1288EFFF1DEB5FBD00FD7FBE /* Develop.app */;
			productType = "com.apple.product-type.application";
		};
/* End PBXNativeTarget section */

/* Begin PBXProject section */
		1288EFF71DEB5FBD00FD7FBE /* Project object */ = {
			isa = PBXProject;
			attributes = {
				LastSwiftUpdateCheck = 0810;
				LastUpgradeCheck = 0810;
				ORGANIZATIONNAME = "Artem Shimanski";
				TargetAttributes = {
					1288EFFE1DEB5FBD00FD7FBE = {
						CreatedOnToolsVersion = 8.1;
						DevelopmentTeam = YB4RLQ4M9A;
						ProvisioningStyle = Automatic;
					};
				};
			};
			buildConfigurationList = 1288EFFA1DEB5FBD00FD7FBE /* Build configuration list for PBXProject "Develop" */;
			compatibilityVersion = "Xcode 3.2";
			developmentRegion = English;
			hasScannedForEncodings = 0;
			knownRegions = (
				en,
				Base,
			);
			mainGroup = 1288EFF61DEB5FBD00FD7FBE;
			productRefGroup = 1288F0001DEB5FBD00FD7FBE /* Products */;
			projectDirPath = "";
			projectRoot = "";
			targets = (
				1288EFFE1DEB5FBD00FD7FBE /* Develop */,
			);
		};
/* End PBXProject section */

/* Begin PBXResourcesBuildPhase section */
		1288EFFD1DEB5FBD00FD7FBE /* Resources */ = {
			isa = PBXResourcesBuildPhase;
			buildActionMask = 2147483647;
			files = (
				1288F00D1DEB5FBD00FD7FBE /* LaunchScreen.storyboard in Resources */,
				1288F00A1DEB5FBD00FD7FBE /* Assets.xcassets in Resources */,
				1288F0081DEB5FBD00FD7FBE /* Main.storyboard in Resources */,
			);
			runOnlyForDeploymentPostprocessing = 0;
		};
/* End PBXResourcesBuildPhase section */

/* Begin PBXSourcesBuildPhase section */
		1288EFFB1DEB5FBD00FD7FBE /* Sources */ = {
			isa = PBXSourcesBuildPhase;
			buildActionMask = 2147483647;
			files = (
				1288F0051DEB5FBD00FD7FBE /* ViewController.swift in Sources */,
				1288F0031DEB5FBD00FD7FBE /* AppDelegate.swift in Sources */,
			);
			runOnlyForDeploymentPostprocessing = 0;
		};
/* End PBXSourcesBuildPhase section */

/* Begin PBXVariantGroup section */
		1288F0061DEB5FBD00FD7FBE /* Main.storyboard */ = {
			isa = PBXVariantGroup;
			children = (
				1288F0071DEB5FBD00FD7FBE /* Base */,
			);
			name = Main.storyboard;
			sourceTree = "<group>";
		};
		1288F00B1DEB5FBD00FD7FBE /* LaunchScreen.storyboard */ = {
			isa = PBXVariantGroup;
			children = (
				1288F00C1DEB5FBD00FD7FBE /* Base */,
			);
			name = LaunchScreen.storyboard;
			sourceTree = "<group>";
		};
/* End PBXVariantGroup section */

/* Begin XCBuildConfiguration section */
		1288F00F1DEB5FBD00FD7FBE /* Debug */ = {
			isa = XCBuildConfiguration;
			buildSettings = {
				ALWAYS_SEARCH_USER_PATHS = NO;
				CLANG_ANALYZER_NONNULL = YES;
				CLANG_CXX_LANGUAGE_STANDARD = "gnu++0x";
				CLANG_CXX_LIBRARY = "libc++";
				CLANG_ENABLE_MODULES = YES;
				CLANG_ENABLE_OBJC_ARC = YES;
				CLANG_WARN_BOOL_CONVERSION = YES;
				CLANG_WARN_CONSTANT_CONVERSION = YES;
				CLANG_WARN_DIRECT_OBJC_ISA_USAGE = YES_ERROR;
				CLANG_WARN_DOCUMENTATION_COMMENTS = YES;
				CLANG_WARN_EMPTY_BODY = YES;
				CLANG_WARN_ENUM_CONVERSION = YES;
				CLANG_WARN_INFINITE_RECURSION = YES;
				CLANG_WARN_INT_CONVERSION = YES;
				CLANG_WARN_OBJC_ROOT_CLASS = YES_ERROR;
				CLANG_WARN_SUSPICIOUS_MOVES = YES;
				CLANG_WARN_UNREACHABLE_CODE = YES;
				CLANG_WARN__DUPLICATE_METHOD_MATCH = YES;
				"CODE_SIGN_IDENTITY[sdk=iphoneos*]" = "iPhone Developer";
				COPY_PHASE_STRIP = NO;
				DEBUG_INFORMATION_FORMAT = dwarf;
				ENABLE_STRICT_OBJC_MSGSEND = YES;
				ENABLE_TESTABILITY = YES;
				GCC_C_LANGUAGE_STANDARD = gnu99;
				GCC_DYNAMIC_NO_PIC = NO;
				GCC_NO_COMMON_BLOCKS = YES;
				GCC_OPTIMIZATION_LEVEL = 0;
				GCC_PREPROCESSOR_DEFINITIONS = (
					"DEBUG=1",
					"$(inherited)",
				);
				GCC_WARN_64_TO_32_BIT_CONVERSION = YES;
				GCC_WARN_ABOUT_RETURN_TYPE = YES_ERROR;
				GCC_WARN_UNDECLARED_SELECTOR = YES;
				GCC_WARN_UNINITIALIZED_AUTOS = YES_AGGRESSIVE;
				GCC_WARN_UNUSED_FUNCTION = YES;
				GCC_WARN_UNUSED_VARIABLE = YES;
				IPHONEOS_DEPLOYMENT_TARGET = 10.1;
				MTL_ENABLE_DEBUG_INFO = YES;
				ONLY_ACTIVE_ARCH = YES;
				SDKROOT = iphoneos;
				SWIFT_ACTIVE_COMPILATION_CONDITIONS = DEBUG;
				SWIFT_OPTIMIZATION_LEVEL = "-Onone";
			};
			name = Debug;
		};
		1288F0101DEB5FBD00FD7FBE /* Release */ = {
			isa = XCBuildConfiguration;
			buildSettings = {
				ALWAYS_SEARCH_USER_PATHS = NO;
				CLANG_ANALYZER_NONNULL = YES;
				CLANG_CXX_LANGUAGE_STANDARD = "gnu++0x";
				CLANG_CXX_LIBRARY = "libc++";
				CLANG_ENABLE_MODULES = YES;
				CLANG_ENABLE_OBJC_ARC = YES;
				CLANG_WARN_BOOL_CONVERSION = YES;
				CLANG_WARN_CONSTANT_CONVERSION = YES;
				CLANG_WARN_DIRECT_OBJC_ISA_USAGE = YES_ERROR;
				CLANG_WARN_DOCUMENTATION_COMMENTS = YES;
				CLANG_WARN_EMPTY_BODY = YES;
				CLANG_WARN_ENUM_CONVERSION = YES;
				CLANG_WARN_INFINITE_RECURSION = YES;
				CLANG_WARN_INT_CONVERSION = YES;
				CLANG_WARN_OBJC_ROOT_CLASS = YES_ERROR;
				CLANG_WARN_SUSPICIOUS_MOVES = YES;
				CLANG_WARN_UNREACHABLE_CODE = YES;
				CLANG_WARN__DUPLICATE_METHOD_MATCH = YES;
				"CODE_SIGN_IDENTITY[sdk=iphoneos*]" = "iPhone Developer";
				COPY_PHASE_STRIP = NO;
				DEBUG_INFORMATION_FORMAT = "dwarf-with-dsym";
				ENABLE_NS_ASSERTIONS = NO;
				ENABLE_STRICT_OBJC_MSGSEND = YES;
				GCC_C_LANGUAGE_STANDARD = gnu99;
				GCC_NO_COMMON_BLOCKS = YES;
				GCC_WARN_64_TO_32_BIT_CONVERSION = YES;
				GCC_WARN_ABOUT_RETURN_TYPE = YES_ERROR;
				GCC_WARN_UNDECLARED_SELECTOR = YES;
				GCC_WARN_UNINITIALIZED_AUTOS = YES_AGGRESSIVE;
				GCC_WARN_UNUSED_FUNCTION = YES;
				GCC_WARN_UNUSED_VARIABLE = YES;
				IPHONEOS_DEPLOYMENT_TARGET = 10.1;
				MTL_ENABLE_DEBUG_INFO = NO;
				SDKROOT = iphoneos;
				SWIFT_OPTIMIZATION_LEVEL = "-Owholemodule";
				VALIDATE_PRODUCT = YES;
			};
			name = Release;
		};
		1288F0121DEB5FBD00FD7FBE /* Debug */ = {
			isa = XCBuildConfiguration;
			buildSettings = {
				ASSETCATALOG_COMPILER_APPICON_NAME = AppIcon;
				DEVELOPMENT_TEAM = YB4RLQ4M9A;
				INFOPLIST_FILE = Develop/Info.plist;
				LD_RUNPATH_SEARCH_PATHS = "$(inherited) @executable_path/Frameworks";
				PRODUCT_BUNDLE_IDENTIFIER = com.shimanski.Develop;
				PRODUCT_NAME = "$(TARGET_NAME)";
				SWIFT_VERSION = 3.0;
			};
			name = Debug;
		};
		1288F0131DEB5FBD00FD7FBE /* Release */ = {
			isa = XCBuildConfiguration;
			buildSettings = {
				ASSETCATALOG_COMPILER_APPICON_NAME = AppIcon;
				DEVELOPMENT_TEAM = YB4RLQ4M9A;
				INFOPLIST_FILE = Develop/Info.plist;
				LD_RUNPATH_SEARCH_PATHS = "$(inherited) @executable_path/Frameworks";
				PRODUCT_BUNDLE_IDENTIFIER = com.shimanski.Develop;
				PRODUCT_NAME = "$(TARGET_NAME)";
				SWIFT_VERSION = 3.0;
			};
			name = Release;
		};
/* End XCBuildConfiguration section */

/* Begin XCConfigurationList section */
		1288EFFA1DEB5FBD00FD7FBE /* Build configuration list for PBXProject "Develop" */ = {
			isa = XCConfigurationList;
			buildConfigurations = (
				1288F00F1DEB5FBD00FD7FBE /* Debug */,
				1288F0101DEB5FBD00FD7FBE /* Release */,
			);
			defaultConfigurationIsVisible = 0;
			defaultConfigurationName = Release;
		};
		1288F0111DEB5FBD00FD7FBE /* Build configuration list for PBXNativeTarget "Develop" */ = {
			isa = XCConfigurationList;
			buildConfigurations = (
				1288F0121DEB5FBD00FD7FBE /* Debug */,
				1288F0131DEB5FBD00FD7FBE /* Release */,
			);
			defaultConfigurationIsVisible = 0;
			defaultConfigurationName = Release;
		};
/* End XCConfigurationList section */
	};
	rootObject = 1288EFF71DEB5FBD00FD7FBE /* Project object */;
}
