// !$*UTF8*$!
{
	archiveVersion = 1;
	classes = {
	};
	objectVersion = 46;
	objects = {

/* Begin PBXBuildFile section */
		1231C80A1E9EB3D900CA409A /* Helper.swift in Sources */ = {isa = PBXBuildFile; fileRef = 1231C8081E9EB3D900CA409A /* Helper.swift */; };
		1231C80C1E9EB42500CA409A /* ESI.swift in Sources */ = {isa = PBXBuildFile; fileRef = 1231C80B1E9EB42500CA409A /* ESI.swift */; };
		1231FFE81FFF80040052B007 /* DateFormatterExtension.swift in Sources */ = {isa = PBXBuildFile; fileRef = 12AB658C1DEB39D6003AA683 /* DateFormatterExtension.swift */; };
		126295FA1EEAD16C00796B27 /* Alliance.swift in Sources */ = {isa = PBXBuildFile; fileRef = 126295DB1EEAD16C00796B27 /* Alliance.swift */; };
		126295FB1EEAD16C00796B27 /* Assets.swift in Sources */ = {isa = PBXBuildFile; fileRef = 126295DC1EEAD16C00796B27 /* Assets.swift */; };
		126295FC1EEAD16C00796B27 /* Bookmarks.swift in Sources */ = {isa = PBXBuildFile; fileRef = 126295DD1EEAD16C00796B27 /* Bookmarks.swift */; };
		126295FD1EEAD16C00796B27 /* Calendar.swift in Sources */ = {isa = PBXBuildFile; fileRef = 126295DE1EEAD16C00796B27 /* Calendar.swift */; };
		126295FE1EEAD16C00796B27 /* Character.swift in Sources */ = {isa = PBXBuildFile; fileRef = 126295DF1EEAD16C00796B27 /* Character.swift */; };
		126295FF1EEAD16C00796B27 /* Clones.swift in Sources */ = {isa = PBXBuildFile; fileRef = 126295E01EEAD16C00796B27 /* Clones.swift */; };
		126296001EEAD16C00796B27 /* Contacts.swift in Sources */ = {isa = PBXBuildFile; fileRef = 126295E11EEAD16C00796B27 /* Contacts.swift */; };
		126296011EEAD16C00796B27 /* Corporation.swift in Sources */ = {isa = PBXBuildFile; fileRef = 126295E21EEAD16C00796B27 /* Corporation.swift */; };
		126296021EEAD16C00796B27 /* Dogma.swift in Sources */ = {isa = PBXBuildFile; fileRef = 126295E31EEAD16C00796B27 /* Dogma.swift */; };
		126296031EEAD16C00796B27 /* Fittings.swift in Sources */ = {isa = PBXBuildFile; fileRef = 126295E41EEAD16C00796B27 /* Fittings.swift */; };
		126296041EEAD16C00796B27 /* Fleets.swift in Sources */ = {isa = PBXBuildFile; fileRef = 126295E51EEAD16C00796B27 /* Fleets.swift */; };
		126296051EEAD16C00796B27 /* Global.swift in Sources */ = {isa = PBXBuildFile; fileRef = 126295E61EEAD16C00796B27 /* Global.swift */; };
		126296061EEAD16C00796B27 /* Incursions.swift in Sources */ = {isa = PBXBuildFile; fileRef = 126295E71EEAD16C00796B27 /* Incursions.swift */; };
		126296071EEAD16C00796B27 /* Industry.swift in Sources */ = {isa = PBXBuildFile; fileRef = 126295E81EEAD16C00796B27 /* Industry.swift */; };
		126296081EEAD16C00796B27 /* Insurance.swift in Sources */ = {isa = PBXBuildFile; fileRef = 126295E91EEAD16C00796B27 /* Insurance.swift */; };
		126296091EEAD16C00796B27 /* Killmails.swift in Sources */ = {isa = PBXBuildFile; fileRef = 126295EA1EEAD16C00796B27 /* Killmails.swift */; };
		1262960A1EEAD16C00796B27 /* Location.swift in Sources */ = {isa = PBXBuildFile; fileRef = 126295EB1EEAD16C00796B27 /* Location.swift */; };
		1262960B1EEAD16C00796B27 /* Loyalty.swift in Sources */ = {isa = PBXBuildFile; fileRef = 126295EC1EEAD16C00796B27 /* Loyalty.swift */; };
		1262960C1EEAD16C00796B27 /* Mail.swift in Sources */ = {isa = PBXBuildFile; fileRef = 126295ED1EEAD16C00796B27 /* Mail.swift */; };
		1262960D1EEAD16C00796B27 /* Market.swift in Sources */ = {isa = PBXBuildFile; fileRef = 126295EE1EEAD16C00796B27 /* Market.swift */; };
		1262960E1EEAD16C00796B27 /* Opportunities.swift in Sources */ = {isa = PBXBuildFile; fileRef = 126295EF1EEAD16C00796B27 /* Opportunities.swift */; };
		1262960F1EEAD16C00796B27 /* PlanetaryInteraction.swift in Sources */ = {isa = PBXBuildFile; fileRef = 126295F01EEAD16C00796B27 /* PlanetaryInteraction.swift */; };
		126296101EEAD16C00796B27 /* Routes.swift in Sources */ = {isa = PBXBuildFile; fileRef = 126295F11EEAD16C00796B27 /* Routes.swift */; };
		126296111EEAD16C00796B27 /* Search.swift in Sources */ = {isa = PBXBuildFile; fileRef = 126295F21EEAD16C00796B27 /* Search.swift */; };
		126296121EEAD16C00796B27 /* Skills.swift in Sources */ = {isa = PBXBuildFile; fileRef = 126295F31EEAD16C00796B27 /* Skills.swift */; };
		126296131EEAD16C00796B27 /* Sovereignty.swift in Sources */ = {isa = PBXBuildFile; fileRef = 126295F41EEAD16C00796B27 /* Sovereignty.swift */; };
		126296141EEAD16C00796B27 /* Status.swift in Sources */ = {isa = PBXBuildFile; fileRef = 126295F51EEAD16C00796B27 /* Status.swift */; };
		126296151EEAD16C00796B27 /* Universe.swift in Sources */ = {isa = PBXBuildFile; fileRef = 126295F61EEAD16C00796B27 /* Universe.swift */; };
		126296161EEAD16C00796B27 /* UserInterface.swift in Sources */ = {isa = PBXBuildFile; fileRef = 126295F71EEAD16C00796B27 /* UserInterface.swift */; };
		126296171EEAD16C00796B27 /* Wallet.swift in Sources */ = {isa = PBXBuildFile; fileRef = 126295F81EEAD16C00796B27 /* Wallet.swift */; };
		126296181EEAD16C00796B27 /* Wars.swift in Sources */ = {isa = PBXBuildFile; fileRef = 126295F91EEAD16C00796B27 /* Wars.swift */; };
		126AF8F2211AE2D9008ED515 /* Futures.framework in Frameworks */ = {isa = PBXBuildFile; fileRef = 126AF8F1211AE2D9008ED515 /* Futures.framework */; };
		126FA8041DFD761C005FFDD3 /* Alamofire.framework in Frameworks */ = {isa = PBXBuildFile; fileRef = 126FA8031DFD761C005FFDD3 /* Alamofire.framework */; };
		12809FE420034D35006AE91F /* ZKillboard.swift in Sources */ = {isa = PBXBuildFile; fileRef = 1203E8721F017D82009ADF8D /* ZKillboard.swift */; };
		12809FE5200352C5006AE91F /* rss.swift in Sources */ = {isa = PBXBuildFile; fileRef = 12CFDAF81F053D6700CC0762 /* rss.swift */; };
		1284C1442133D6D900AF52C2 /* XMLParserExtension.swift in Sources */ = {isa = PBXBuildFile; fileRef = 1288F0181DEB79ED00FD7FBE /* XMLParserExtension.swift */; };
		128C5F6D1F41859B0038FE7D /* FactionWarfare.swift in Sources */ = {isa = PBXBuildFile; fileRef = 128C5F6C1F41859B0038FE7D /* FactionWarfare.swift */; };
		1295ED491DF8169F0048C895 /* OAuth2.swift in Sources */ = {isa = PBXBuildFile; fileRef = 1295ED481DF8169F0048C895 /* OAuth2.swift */; };
		12AB65511DE9A994003AA683 /* EVEAPI.h in Headers */ = {isa = PBXBuildFile; fileRef = 12AB654F1DE9A994003AA683 /* EVEAPI.h */; settings = {ATTRIBUTES = (Public, ); }; };
		12D39D121EF949500077BD17 /* Contracts.swift in Sources */ = {isa = PBXBuildFile; fileRef = 12D39D111EF949500077BD17 /* Contracts.swift */; };
/* End PBXBuildFile section */

/* Begin PBXFileReference section */
		1203E8721F017D82009ADF8D /* ZKillboard.swift */ = {isa = PBXFileReference; fileEncoding = 4; lastKnownFileType = sourcecode.swift; path = ZKillboard.swift; sourceTree = "<group>"; };
		122071A31EF4188A007D86CE /* EVEGlobal.swift */ = {isa = PBXFileReference; fileEncoding = 4; lastKnownFileType = sourcecode.swift; path = EVEGlobal.swift; sourceTree = "<group>"; };
		122B55461EB601A000E46536 /* EVE.swift */ = {isa = PBXFileReference; fileEncoding = 4; lastKnownFileType = sourcecode.swift; path = EVE.swift; sourceTree = "<group>"; };
		122B55531EB7154F00E46536 /* Account.swift */ = {isa = PBXFileReference; fileEncoding = 4; lastKnownFileType = sourcecode.swift; path = Account.swift; sourceTree = "<group>"; };
		122B55541EB7154F00E46536 /* Api.swift */ = {isa = PBXFileReference; fileEncoding = 4; lastKnownFileType = sourcecode.swift; path = Api.swift; sourceTree = "<group>"; };
		122B55551EB7154F00E46536 /* Char.swift */ = {isa = PBXFileReference; fileEncoding = 4; lastKnownFileType = sourcecode.swift; path = Char.swift; sourceTree = "<group>"; };
		122B55561EB7154F00E46536 /* Corp.swift */ = {isa = PBXFileReference; fileEncoding = 4; lastKnownFileType = sourcecode.swift; path = Corp.swift; sourceTree = "<group>"; };
		1231C8081E9EB3D900CA409A /* Helper.swift */ = {isa = PBXFileReference; fileEncoding = 4; lastKnownFileType = sourcecode.swift; path = Helper.swift; sourceTree = "<group>"; };
		1231C80B1E9EB42500CA409A /* ESI.swift */ = {isa = PBXFileReference; fileEncoding = 4; lastKnownFileType = sourcecode.swift; path = ESI.swift; sourceTree = "<group>"; };
		123825601DEC199E0031A884 /* EVEAPIObject.swift */ = {isa = PBXFileReference; fileEncoding = 4; lastKnownFileType = sourcecode.swift; path = EVEAPIObject.swift; sourceTree = "<group>"; };
		123825621DEC1AD20031A884 /* EVEResult.swift */ = {isa = PBXFileReference; fileEncoding = 4; lastKnownFileType = sourcecode.swift; path = EVEResult.swift; sourceTree = "<group>"; };
		123825641DEC1E240031A884 /* EVEAPISerializer.swift */ = {isa = PBXFileReference; fileEncoding = 4; lastKnownFileType = sourcecode.swift; path = EVEAPISerializer.swift; sourceTree = "<group>"; };
		123825671DEC8D8F0031A884 /* EVEAccountStatus.swift */ = {isa = PBXFileReference; fileEncoding = 4; lastKnownFileType = sourcecode.swift; path = EVEAccountStatus.swift; sourceTree = "<group>"; };
		123825691DEC90070031A884 /* EVEAPIKeyInfo.swift */ = {isa = PBXFileReference; fileEncoding = 4; lastKnownFileType = sourcecode.swift; path = EVEAPIKeyInfo.swift; sourceTree = "<group>"; };
		1238256B1DECB6D90031A884 /* EVECharacters.swift */ = {isa = PBXFileReference; fileEncoding = 4; lastKnownFileType = sourcecode.swift; path = EVECharacters.swift; sourceTree = "<group>"; };
		123825811DED7A780031A884 /* EVEAccountBalance.swift */ = {isa = PBXFileReference; fileEncoding = 4; lastKnownFileType = sourcecode.swift; path = EVEAccountBalance.swift; sourceTree = "<group>"; };
		123825831DED7B440031A884 /* EVEAssetList.swift */ = {isa = PBXFileReference; fileEncoding = 4; lastKnownFileType = sourcecode.swift; path = EVEAssetList.swift; sourceTree = "<group>"; };
		123825851DED7BD60031A884 /* EVEConstants.swift */ = {isa = PBXFileReference; fileEncoding = 4; lastKnownFileType = sourcecode.swift; path = EVEConstants.swift; sourceTree = "<group>"; };
		126295DB1EEAD16C00796B27 /* Alliance.swift */ = {isa = PBXFileReference; fileEncoding = 4; lastKnownFileType = sourcecode.swift; path = Alliance.swift; sourceTree = "<group>"; };
		126295DC1EEAD16C00796B27 /* Assets.swift */ = {isa = PBXFileReference; fileEncoding = 4; lastKnownFileType = sourcecode.swift; path = Assets.swift; sourceTree = "<group>"; };
		126295DD1EEAD16C00796B27 /* Bookmarks.swift */ = {isa = PBXFileReference; fileEncoding = 4; lastKnownFileType = sourcecode.swift; path = Bookmarks.swift; sourceTree = "<group>"; };
		126295DE1EEAD16C00796B27 /* Calendar.swift */ = {isa = PBXFileReference; fileEncoding = 4; lastKnownFileType = sourcecode.swift; path = Calendar.swift; sourceTree = "<group>"; };
		126295DF1EEAD16C00796B27 /* Character.swift */ = {isa = PBXFileReference; fileEncoding = 4; lastKnownFileType = sourcecode.swift; path = Character.swift; sourceTree = "<group>"; };
		126295E01EEAD16C00796B27 /* Clones.swift */ = {isa = PBXFileReference; fileEncoding = 4; lastKnownFileType = sourcecode.swift; path = Clones.swift; sourceTree = "<group>"; };
		126295E11EEAD16C00796B27 /* Contacts.swift */ = {isa = PBXFileReference; fileEncoding = 4; lastKnownFileType = sourcecode.swift; path = Contacts.swift; sourceTree = "<group>"; };
		126295E21EEAD16C00796B27 /* Corporation.swift */ = {isa = PBXFileReference; fileEncoding = 4; lastKnownFileType = sourcecode.swift; path = Corporation.swift; sourceTree = "<group>"; };
		126295E31EEAD16C00796B27 /* Dogma.swift */ = {isa = PBXFileReference; fileEncoding = 4; lastKnownFileType = sourcecode.swift; path = Dogma.swift; sourceTree = "<group>"; };
		126295E41EEAD16C00796B27 /* Fittings.swift */ = {isa = PBXFileReference; fileEncoding = 4; lastKnownFileType = sourcecode.swift; path = Fittings.swift; sourceTree = "<group>"; };
		126295E51EEAD16C00796B27 /* Fleets.swift */ = {isa = PBXFileReference; fileEncoding = 4; lastKnownFileType = sourcecode.swift; path = Fleets.swift; sourceTree = "<group>"; };
		126295E61EEAD16C00796B27 /* Global.swift */ = {isa = PBXFileReference; fileEncoding = 4; lastKnownFileType = sourcecode.swift; path = Global.swift; sourceTree = "<group>"; };
		126295E71EEAD16C00796B27 /* Incursions.swift */ = {isa = PBXFileReference; fileEncoding = 4; lastKnownFileType = sourcecode.swift; path = Incursions.swift; sourceTree = "<group>"; };
		126295E81EEAD16C00796B27 /* Industry.swift */ = {isa = PBXFileReference; fileEncoding = 4; lastKnownFileType = sourcecode.swift; path = Industry.swift; sourceTree = "<group>"; };
		126295E91EEAD16C00796B27 /* Insurance.swift */ = {isa = PBXFileReference; fileEncoding = 4; lastKnownFileType = sourcecode.swift; path = Insurance.swift; sourceTree = "<group>"; };
		126295EA1EEAD16C00796B27 /* Killmails.swift */ = {isa = PBXFileReference; fileEncoding = 4; lastKnownFileType = sourcecode.swift; path = Killmails.swift; sourceTree = "<group>"; };
		126295EB1EEAD16C00796B27 /* Location.swift */ = {isa = PBXFileReference; fileEncoding = 4; lastKnownFileType = sourcecode.swift; path = Location.swift; sourceTree = "<group>"; };
		126295EC1EEAD16C00796B27 /* Loyalty.swift */ = {isa = PBXFileReference; fileEncoding = 4; lastKnownFileType = sourcecode.swift; path = Loyalty.swift; sourceTree = "<group>"; };
		126295ED1EEAD16C00796B27 /* Mail.swift */ = {isa = PBXFileReference; fileEncoding = 4; lastKnownFileType = sourcecode.swift; path = Mail.swift; sourceTree = "<group>"; };
		126295EE1EEAD16C00796B27 /* Market.swift */ = {isa = PBXFileReference; fileEncoding = 4; lastKnownFileType = sourcecode.swift; path = Market.swift; sourceTree = "<group>"; };
		126295EF1EEAD16C00796B27 /* Opportunities.swift */ = {isa = PBXFileReference; fileEncoding = 4; lastKnownFileType = sourcecode.swift; path = Opportunities.swift; sourceTree = "<group>"; };
		126295F01EEAD16C00796B27 /* PlanetaryInteraction.swift */ = {isa = PBXFileReference; fileEncoding = 4; lastKnownFileType = sourcecode.swift; path = PlanetaryInteraction.swift; sourceTree = "<group>"; };
		126295F11EEAD16C00796B27 /* Routes.swift */ = {isa = PBXFileReference; fileEncoding = 4; lastKnownFileType = sourcecode.swift; path = Routes.swift; sourceTree = "<group>"; };
		126295F21EEAD16C00796B27 /* Search.swift */ = {isa = PBXFileReference; fileEncoding = 4; lastKnownFileType = sourcecode.swift; path = Search.swift; sourceTree = "<group>"; };
		126295F31EEAD16C00796B27 /* Skills.swift */ = {isa = PBXFileReference; fileEncoding = 4; lastKnownFileType = sourcecode.swift; path = Skills.swift; sourceTree = "<group>"; };
		126295F41EEAD16C00796B27 /* Sovereignty.swift */ = {isa = PBXFileReference; fileEncoding = 4; lastKnownFileType = sourcecode.swift; path = Sovereignty.swift; sourceTree = "<group>"; };
		126295F51EEAD16C00796B27 /* Status.swift */ = {isa = PBXFileReference; fileEncoding = 4; lastKnownFileType = sourcecode.swift; path = Status.swift; sourceTree = "<group>"; };
		126295F61EEAD16C00796B27 /* Universe.swift */ = {isa = PBXFileReference; fileEncoding = 4; lastKnownFileType = sourcecode.swift; path = Universe.swift; sourceTree = "<group>"; };
		126295F71EEAD16C00796B27 /* UserInterface.swift */ = {isa = PBXFileReference; fileEncoding = 4; lastKnownFileType = sourcecode.swift; path = UserInterface.swift; sourceTree = "<group>"; };
		126295F81EEAD16C00796B27 /* Wallet.swift */ = {isa = PBXFileReference; fileEncoding = 4; lastKnownFileType = sourcecode.swift; path = Wallet.swift; sourceTree = "<group>"; };
		126295F91EEAD16C00796B27 /* Wars.swift */ = {isa = PBXFileReference; fileEncoding = 4; lastKnownFileType = sourcecode.swift; path = Wars.swift; sourceTree = "<group>"; };
		126AF8F1211AE2D9008ED515 /* Futures.framework */ = {isa = PBXFileReference; explicitFileType = wrapper.framework; path = Futures.framework; sourceTree = BUILT_PRODUCTS_DIR; };
		126FA8031DFD761C005FFDD3 /* Alamofire.framework */ = {isa = PBXFileReference; lastKnownFileType = wrapper.framework; name = Alamofire.framework; path = "../ThirdParty/Alamofire/build/Debug-iphoneos/Alamofire.framework"; sourceTree = "<group>"; };
		1288F0181DEB79ED00FD7FBE /* XMLParserExtension.swift */ = {isa = PBXFileReference; fileEncoding = 4; lastKnownFileType = sourcecode.swift; path = XMLParserExtension.swift; sourceTree = "<group>"; };
		1288F01D1DEB8C8600FD7FBE /* EVEObject.swift */ = {isa = PBXFileReference; fileEncoding = 4; lastKnownFileType = sourcecode.swift; path = EVEObject.swift; sourceTree = "<group>"; };
		1288F0201DEB8D8B00FD7FBE /* EVEServerStatus.swift */ = {isa = PBXFileReference; fileEncoding = 4; lastKnownFileType = sourcecode.swift; path = EVEServerStatus.swift; sourceTree = "<group>"; };
		128C5F6C1F41859B0038FE7D /* FactionWarfare.swift */ = {isa = PBXFileReference; fileEncoding = 4; lastKnownFileType = sourcecode.swift; path = FactionWarfare.swift; sourceTree = "<group>"; };
		1295ED3E1DF6E33A0048C895 /* CRAPI.swift */ = {isa = PBXFileReference; fileEncoding = 4; lastKnownFileType = sourcecode.swift; path = CRAPI.swift; sourceTree = "<group>"; };
		1295ED481DF8169F0048C895 /* OAuth2.swift */ = {isa = PBXFileReference; fileEncoding = 4; lastKnownFileType = sourcecode.swift; path = OAuth2.swift; sourceTree = "<group>"; };
		1295ED4A1DF843740048C895 /* CRResult.swift */ = {isa = PBXFileReference; fileEncoding = 4; lastKnownFileType = sourcecode.swift; path = CRResult.swift; sourceTree = "<group>"; };
		1295ED4C1DF844780048C895 /* CRFittingCollection.swift */ = {isa = PBXFileReference; fileEncoding = 4; lastKnownFileType = sourcecode.swift; path = CRFittingCollection.swift; sourceTree = "<group>"; };
		1295ED4E1DF846130048C895 /* CRType.swift */ = {isa = PBXFileReference; fileEncoding = 4; lastKnownFileType = sourcecode.swift; path = CRType.swift; sourceTree = "<group>"; };
		12A266931DED805E00DC8291 /* EVEBlueprints.swift */ = {isa = PBXFileReference; fileEncoding = 4; lastKnownFileType = sourcecode.swift; path = EVEBlueprints.swift; sourceTree = "<group>"; };
		12A266951DED815300DC8291 /* EVEBookmarks.swift */ = {isa = PBXFileReference; fileEncoding = 4; lastKnownFileType = sourcecode.swift; path = EVEBookmarks.swift; sourceTree = "<group>"; };
		12A266971DED85F000DC8291 /* EVECalendarEventAttendees.swift */ = {isa = PBXFileReference; fileEncoding = 4; lastKnownFileType = sourcecode.swift; path = EVECalendarEventAttendees.swift; sourceTree = "<group>"; };
		12A266991DED8B7C00DC8291 /* EVECharacterSheet.swift */ = {isa = PBXFileReference; fileEncoding = 4; lastKnownFileType = sourcecode.swift; path = EVECharacterSheet.swift; sourceTree = "<group>"; };
		12A2669B1DED9A5100DC8291 /* EVEChatChannels.swift */ = {isa = PBXFileReference; fileEncoding = 4; lastKnownFileType = sourcecode.swift; path = EVEChatChannels.swift; sourceTree = "<group>"; };
		12A2669D1DED9DD500DC8291 /* EVEClones.swift */ = {isa = PBXFileReference; fileEncoding = 4; lastKnownFileType = sourcecode.swift; path = EVEClones.swift; sourceTree = "<group>"; };
		12A2669F1DEDB57700DC8291 /* EVEContactList.swift */ = {isa = PBXFileReference; fileEncoding = 4; lastKnownFileType = sourcecode.swift; path = EVEContactList.swift; sourceTree = "<group>"; };
		12A266A11DEDB8B300DC8291 /* EVEContactNotifications.swift */ = {isa = PBXFileReference; fileEncoding = 4; lastKnownFileType = sourcecode.swift; path = EVEContactNotifications.swift; sourceTree = "<group>"; };
		12A266A31DEDBA0B00DC8291 /* EVEContractBids.swift */ = {isa = PBXFileReference; fileEncoding = 4; lastKnownFileType = sourcecode.swift; path = EVEContractBids.swift; sourceTree = "<group>"; };
		12A266A51DEDBAAF00DC8291 /* EVEContractItems.swift */ = {isa = PBXFileReference; fileEncoding = 4; lastKnownFileType = sourcecode.swift; path = EVEContractItems.swift; sourceTree = "<group>"; };
		12A266A71DEDBB9100DC8291 /* EVEContracts.swift */ = {isa = PBXFileReference; fileEncoding = 4; lastKnownFileType = sourcecode.swift; path = EVEContracts.swift; sourceTree = "<group>"; };
		12A266A91DEDC48000DC8291 /* EVEIndustryJobs.swift */ = {isa = PBXFileReference; fileEncoding = 4; lastKnownFileType = sourcecode.swift; path = EVEIndustryJobs.swift; sourceTree = "<group>"; };
		12A266AB1DEDC94200DC8291 /* EVEIndustryJobsHistory.swift */ = {isa = PBXFileReference; fileEncoding = 4; lastKnownFileType = sourcecode.swift; path = EVEIndustryJobsHistory.swift; sourceTree = "<group>"; };
		12A266AF1DEDCAC900DC8291 /* EVEKillMails.swift */ = {isa = PBXFileReference; fileEncoding = 4; lastKnownFileType = sourcecode.swift; path = EVEKillMails.swift; sourceTree = "<group>"; };
		12A266B11DEDCF3C00DC8291 /* EVELocations.swift */ = {isa = PBXFileReference; fileEncoding = 4; lastKnownFileType = sourcecode.swift; path = EVELocations.swift; sourceTree = "<group>"; };
		12A266B31DEDD06500DC8291 /* EVEMailBodies.swift */ = {isa = PBXFileReference; fileEncoding = 4; lastKnownFileType = sourcecode.swift; path = EVEMailBodies.swift; sourceTree = "<group>"; };
		12A266B51DEDD37F00DC8291 /* EVEMailingLists.swift */ = {isa = PBXFileReference; fileEncoding = 4; lastKnownFileType = sourcecode.swift; path = EVEMailingLists.swift; sourceTree = "<group>"; };
		12A266B71DEDD7EF00DC8291 /* EVEMailMessages.swift */ = {isa = PBXFileReference; fileEncoding = 4; lastKnownFileType = sourcecode.swift; path = EVEMailMessages.swift; sourceTree = "<group>"; };
		12A266B91DEDD96500DC8291 /* EVEMarketOrders.swift */ = {isa = PBXFileReference; fileEncoding = 4; lastKnownFileType = sourcecode.swift; path = EVEMarketOrders.swift; sourceTree = "<group>"; };
		12A266BB1DEDDBE800DC8291 /* EVECharMedals.swift */ = {isa = PBXFileReference; fileEncoding = 4; lastKnownFileType = sourcecode.swift; path = EVECharMedals.swift; sourceTree = "<group>"; };
		12A266BD1DEDFBF100DC8291 /* EVENotifications.swift */ = {isa = PBXFileReference; fileEncoding = 4; lastKnownFileType = sourcecode.swift; path = EVENotifications.swift; sourceTree = "<group>"; };
		12A266BF1DEDFFE200DC8291 /* EVENotificationTexts.swift */ = {isa = PBXFileReference; fileEncoding = 4; lastKnownFileType = sourcecode.swift; path = EVENotificationTexts.swift; sourceTree = "<group>"; };
		12A266C11DEE005600DC8291 /* EVEPlanetaryColonies.swift */ = {isa = PBXFileReference; fileEncoding = 4; lastKnownFileType = sourcecode.swift; path = EVEPlanetaryColonies.swift; sourceTree = "<group>"; };
		12A266C31DEE018000DC8291 /* EVEPlanetaryLinks.swift */ = {isa = PBXFileReference; fileEncoding = 4; lastKnownFileType = sourcecode.swift; path = EVEPlanetaryLinks.swift; sourceTree = "<group>"; };
		12A266C51DEE043A00DC8291 /* EVEPlanetaryPins.swift */ = {isa = PBXFileReference; fileEncoding = 4; lastKnownFileType = sourcecode.swift; path = EVEPlanetaryPins.swift; sourceTree = "<group>"; };
		12A266C71DEE064B00DC8291 /* EVEPlanetaryRoutes.swift */ = {isa = PBXFileReference; fileEncoding = 4; lastKnownFileType = sourcecode.swift; path = EVEPlanetaryRoutes.swift; sourceTree = "<group>"; };
		12A266C91DEE074C00DC8291 /* EVEResearch.swift */ = {isa = PBXFileReference; fileEncoding = 4; lastKnownFileType = sourcecode.swift; path = EVEResearch.swift; sourceTree = "<group>"; };
		12A266CB1DEE07F300DC8291 /* EVESkillInTraining.swift */ = {isa = PBXFileReference; fileEncoding = 4; lastKnownFileType = sourcecode.swift; path = EVESkillInTraining.swift; sourceTree = "<group>"; };
		12A266CD1DEE08DA00DC8291 /* EVESkillQueue.swift */ = {isa = PBXFileReference; fileEncoding = 4; lastKnownFileType = sourcecode.swift; path = EVESkillQueue.swift; sourceTree = "<group>"; };
		12A266CF1DEE09CD00DC8291 /* EVESkills.swift */ = {isa = PBXFileReference; fileEncoding = 4; lastKnownFileType = sourcecode.swift; path = EVESkills.swift; sourceTree = "<group>"; };
		12A266D11DEE0AD900DC8291 /* EVECharStandings.swift */ = {isa = PBXFileReference; fileEncoding = 4; lastKnownFileType = sourcecode.swift; path = EVECharStandings.swift; sourceTree = "<group>"; };
		12A266D31DEE0BF100DC8291 /* EVEUpcomingCalendarEvents.swift */ = {isa = PBXFileReference; fileEncoding = 4; lastKnownFileType = sourcecode.swift; path = EVEUpcomingCalendarEvents.swift; sourceTree = "<group>"; };
		12A266D51DEE0DFA00DC8291 /* EVEWalletJournal.swift */ = {isa = PBXFileReference; fileEncoding = 4; lastKnownFileType = sourcecode.swift; path = EVEWalletJournal.swift; sourceTree = "<group>"; };
		12A266D71DEE189100DC8291 /* EVEWalletTransactions.swift */ = {isa = PBXFileReference; fileEncoding = 4; lastKnownFileType = sourcecode.swift; path = EVEWalletTransactions.swift; sourceTree = "<group>"; };
		12A266D91DEE1C4800DC8291 /* EVEFacWarStats.swift */ = {isa = PBXFileReference; fileEncoding = 4; lastKnownFileType = sourcecode.swift; path = EVEFacWarStats.swift; sourceTree = "<group>"; };
		12A266DC1DEE1D9B00DC8291 /* EVEContainerLog.swift */ = {isa = PBXFileReference; fileEncoding = 4; lastKnownFileType = sourcecode.swift; path = EVEContainerLog.swift; sourceTree = "<group>"; };
		12A266DE1DEE1FCB00DC8291 /* EVECorporationSheet.swift */ = {isa = PBXFileReference; fileEncoding = 4; lastKnownFileType = sourcecode.swift; path = EVECorporationSheet.swift; sourceTree = "<group>"; };
		12A266E01DEE231600DC8291 /* EVECustomsOffices.swift */ = {isa = PBXFileReference; fileEncoding = 4; lastKnownFileType = sourcecode.swift; path = EVECustomsOffices.swift; sourceTree = "<group>"; };
		12A266E21DEE2DD400DC8291 /* EVEFacilities.swift */ = {isa = PBXFileReference; fileEncoding = 4; lastKnownFileType = sourcecode.swift; path = EVEFacilities.swift; sourceTree = "<group>"; };
		12A266E41DEE2EA400DC8291 /* EVECorpMedals.swift */ = {isa = PBXFileReference; fileEncoding = 4; lastKnownFileType = sourcecode.swift; path = EVECorpMedals.swift; sourceTree = "<group>"; };
		12A266E61DEE304500DC8291 /* EVEMemberMedals.swift */ = {isa = PBXFileReference; fileEncoding = 4; lastKnownFileType = sourcecode.swift; path = EVEMemberMedals.swift; sourceTree = "<group>"; };
		12A266E81DEE311400DC8291 /* EVEMemberSecurity.swift */ = {isa = PBXFileReference; fileEncoding = 4; lastKnownFileType = sourcecode.swift; path = EVEMemberSecurity.swift; sourceTree = "<group>"; };
		12A266EA1DEE32DF00DC8291 /* EVEMemberSecurityLog.swift */ = {isa = PBXFileReference; fileEncoding = 4; lastKnownFileType = sourcecode.swift; path = EVEMemberSecurityLog.swift; sourceTree = "<group>"; };
		12A266EC1DEE356400DC8291 /* EVEMemberTracking.swift */ = {isa = PBXFileReference; fileEncoding = 4; lastKnownFileType = sourcecode.swift; path = EVEMemberTracking.swift; sourceTree = "<group>"; };
		12A266EE1DEE368F00DC8291 /* EVEOutpostList.swift */ = {isa = PBXFileReference; fileEncoding = 4; lastKnownFileType = sourcecode.swift; path = EVEOutpostList.swift; sourceTree = "<group>"; };
		12A266F01DEE37C300DC8291 /* EVEOutpostServiceDetail.swift */ = {isa = PBXFileReference; fileEncoding = 4; lastKnownFileType = sourcecode.swift; path = EVEOutpostServiceDetail.swift; sourceTree = "<group>"; };
		12A266F21DEE384400DC8291 /* EVEShareholders.swift */ = {isa = PBXFileReference; fileEncoding = 4; lastKnownFileType = sourcecode.swift; path = EVEShareholders.swift; sourceTree = "<group>"; };
		12A266F41DEE3A7200DC8291 /* EVECorpStandings.swift */ = {isa = PBXFileReference; fileEncoding = 4; lastKnownFileType = sourcecode.swift; path = EVECorpStandings.swift; sourceTree = "<group>"; };
		12A266F61DEE3AF100DC8291 /* EVEStarbaseDetail.swift */ = {isa = PBXFileReference; fileEncoding = 4; lastKnownFileType = sourcecode.swift; path = EVEStarbaseDetail.swift; sourceTree = "<group>"; };
		12A266F81DEE3DB100DC8291 /* EVEStarbaseList.swift */ = {isa = PBXFileReference; fileEncoding = 4; lastKnownFileType = sourcecode.swift; path = EVEStarbaseList.swift; sourceTree = "<group>"; };
		12A266FA1DEE3F1200DC8291 /* EVETitles.swift */ = {isa = PBXFileReference; fileEncoding = 4; lastKnownFileType = sourcecode.swift; path = EVETitles.swift; sourceTree = "<group>"; };
		12A266FD1DEE433F00DC8291 /* EVEAllianceList.swift */ = {isa = PBXFileReference; fileEncoding = 4; lastKnownFileType = sourcecode.swift; path = EVEAllianceList.swift; sourceTree = "<group>"; };
		12A266FF1DEE45A500DC8291 /* EVECharacterAffiliation.swift */ = {isa = PBXFileReference; fileEncoding = 4; lastKnownFileType = sourcecode.swift; path = EVECharacterAffiliation.swift; sourceTree = "<group>"; };
		12A267011DEE460D00DC8291 /* EVECharacterID.swift */ = {isa = PBXFileReference; fileEncoding = 4; lastKnownFileType = sourcecode.swift; path = EVECharacterID.swift; sourceTree = "<group>"; };
		12A267031DEE467A00DC8291 /* EVECharacterInfo.swift */ = {isa = PBXFileReference; fileEncoding = 4; lastKnownFileType = sourcecode.swift; path = EVECharacterInfo.swift; sourceTree = "<group>"; };
		12A267051DEE4A0400DC8291 /* EVECharacterName.swift */ = {isa = PBXFileReference; fileEncoding = 4; lastKnownFileType = sourcecode.swift; path = EVECharacterName.swift; sourceTree = "<group>"; };
		12A267071DEE4A5B00DC8291 /* EVEConquerableStationList.swift */ = {isa = PBXFileReference; fileEncoding = 4; lastKnownFileType = sourcecode.swift; path = EVEConquerableStationList.swift; sourceTree = "<group>"; };
		12A267091DEE4C1400DC8291 /* EVEFacWarGlobalStats.swift */ = {isa = PBXFileReference; fileEncoding = 4; lastKnownFileType = sourcecode.swift; path = EVEFacWarGlobalStats.swift; sourceTree = "<group>"; };
		12A2670B1DEEB20000DC8291 /* EVEFacWarTopStats.swift */ = {isa = PBXFileReference; fileEncoding = 4; lastKnownFileType = sourcecode.swift; path = EVEFacWarTopStats.swift; sourceTree = "<group>"; };
		12A2670D1DEEB82000DC8291 /* EVEOwnerID.swift */ = {isa = PBXFileReference; fileEncoding = 4; lastKnownFileType = sourcecode.swift; path = EVEOwnerID.swift; sourceTree = "<group>"; };
		12A2670F1DEEB89900DC8291 /* EVERefTypes.swift */ = {isa = PBXFileReference; fileEncoding = 4; lastKnownFileType = sourcecode.swift; path = EVERefTypes.swift; sourceTree = "<group>"; };
		12A267111DEEB92C00DC8291 /* EVESkillTree.swift */ = {isa = PBXFileReference; fileEncoding = 4; lastKnownFileType = sourcecode.swift; path = EVESkillTree.swift; sourceTree = "<group>"; };
		12A267131DEEBD9500DC8291 /* EVETypeName.swift */ = {isa = PBXFileReference; fileEncoding = 4; lastKnownFileType = sourcecode.swift; path = EVETypeName.swift; sourceTree = "<group>"; };
		12A267161DEEC07900DC8291 /* EVEFacWarSystems.swift */ = {isa = PBXFileReference; fileEncoding = 4; lastKnownFileType = sourcecode.swift; path = EVEFacWarSystems.swift; sourceTree = "<group>"; };
		12A267181DEEC1B700DC8291 /* EVEJumps.swift */ = {isa = PBXFileReference; fileEncoding = 4; lastKnownFileType = sourcecode.swift; path = EVEJumps.swift; sourceTree = "<group>"; };
		12A2671A1DEEC20D00DC8291 /* EVEKills.swift */ = {isa = PBXFileReference; fileEncoding = 4; lastKnownFileType = sourcecode.swift; path = EVEKills.swift; sourceTree = "<group>"; };
		12A2671C1DEEC2C800DC8291 /* EVESovereignty.swift */ = {isa = PBXFileReference; fileEncoding = 4; lastKnownFileType = sourcecode.swift; path = EVESovereignty.swift; sourceTree = "<group>"; };
		12A2671F1DEEC39300DC8291 /* EVECallList.swift */ = {isa = PBXFileReference; fileEncoding = 4; lastKnownFileType = sourcecode.swift; path = EVECallList.swift; sourceTree = "<group>"; };
		12A267221DEEC55000DC8291 /* EVEImage.swift */ = {isa = PBXFileReference; fileEncoding = 4; lastKnownFileType = sourcecode.swift; path = EVEImage.swift; sourceTree = "<group>"; };
		12A267241DEEC7A900DC8291 /* EVEOnlineAPI.swift */ = {isa = PBXFileReference; fileEncoding = 4; lastKnownFileType = sourcecode.swift; path = EVEOnlineAPI.swift; sourceTree = "<group>"; };
		12A267261DEF1CDF00DC8291 /* EVEErrorList.swift */ = {isa = PBXFileReference; fileEncoding = 4; lastKnownFileType = sourcecode.swift; path = EVEErrorList.swift; sourceTree = "<group>"; };
		12AB654C1DE9A994003AA683 /* EVEAPI.framework */ = {isa = PBXFileReference; explicitFileType = wrapper.framework; includeInIndex = 0; path = EVEAPI.framework; sourceTree = BUILT_PRODUCTS_DIR; };
		12AB654F1DE9A994003AA683 /* EVEAPI.h */ = {isa = PBXFileReference; lastKnownFileType = sourcecode.c.h; path = EVEAPI.h; sourceTree = "<group>"; };
		12AB65501DE9A994003AA683 /* Info.plist */ = {isa = PBXFileReference; lastKnownFileType = text.plist.xml; path = Info.plist; sourceTree = "<group>"; };
		12AB65711DE9AAFF003AA683 /* EVEHTTPSessionManager.swift */ = {isa = PBXFileReference; fileEncoding = 4; lastKnownFileType = sourcecode.swift; path = EVEHTTPSessionManager.swift; sourceTree = "<group>"; };
		12AB65741DE9AB22003AA683 /* AFNetworking.framework */ = {isa = PBXFileReference; lastKnownFileType = wrapper.framework; name = AFNetworking.framework; path = "../ThirdParty/AFNetworking/build/Debug-iphoneos/AFNetworking.framework"; sourceTree = "<group>"; };
		12AB65761DE9ABF3003AA683 /* EVEHTTPCachedContent.swift */ = {isa = PBXFileReference; fileEncoding = 4; lastKnownFileType = sourcecode.swift; path = EVEHTTPCachedContent.swift; sourceTree = "<group>"; };
		12AB65781DEA0286003AA683 /* Synchronized.swift */ = {isa = PBXFileReference; fileEncoding = 4; lastKnownFileType = sourcecode.swift; path = Synchronized.swift; sourceTree = "<group>"; };
		12AB657A1DEA06D6003AA683 /* DictionaryExtension.swift */ = {isa = PBXFileReference; fileEncoding = 4; lastKnownFileType = sourcecode.swift; path = DictionaryExtension.swift; sourceTree = "<group>"; };
		12AB65881DEB3528003AA683 /* NSString+md5.h */ = {isa = PBXFileReference; fileEncoding = 4; lastKnownFileType = sourcecode.c.h; path = "NSString+md5.h"; sourceTree = "<group>"; };
		12AB65891DEB3528003AA683 /* NSString+md5.m */ = {isa = PBXFileReference; fileEncoding = 4; lastKnownFileType = sourcecode.c.objc; path = "NSString+md5.m"; sourceTree = "<group>"; };
		12AB658C1DEB39D6003AA683 /* DateFormatterExtension.swift */ = {isa = PBXFileReference; fileEncoding = 4; lastKnownFileType = sourcecode.swift; path = DateFormatterExtension.swift; sourceTree = "<group>"; };
		12AC8DAB1DEF59FD00561A7A /* ArrayExtension.swift */ = {isa = PBXFileReference; fileEncoding = 4; lastKnownFileType = sourcecode.swift; path = ArrayExtension.swift; sourceTree = "<group>"; };
		12CFDAF81F053D6700CC0762 /* rss.swift */ = {isa = PBXFileReference; fileEncoding = 4; lastKnownFileType = sourcecode.swift; path = rss.swift; sourceTree = "<group>"; };
		12D39D0B1EF923C90077BD17 /* Eve.swift */ = {isa = PBXFileReference; fileEncoding = 4; lastKnownFileType = sourcecode.swift; path = Eve.swift; sourceTree = "<group>"; };
		12D39D111EF949500077BD17 /* Contracts.swift */ = {isa = PBXFileReference; fileEncoding = 4; lastKnownFileType = sourcecode.swift; path = Contracts.swift; sourceTree = "<group>"; };
/* End PBXFileReference section */

/* Begin PBXFrameworksBuildPhase section */
		12AB65481DE9A993003AA683 /* Frameworks */ = {
			isa = PBXFrameworksBuildPhase;
			buildActionMask = 2147483647;
			files = (
				126AF8F2211AE2D9008ED515 /* Futures.framework in Frameworks */,
				126FA8041DFD761C005FFDD3 /* Alamofire.framework in Frameworks */,
			);
			runOnlyForDeploymentPostprocessing = 0;
		};
/* End PBXFrameworksBuildPhase section */

/* Begin PBXGroup section */
		1203E8711F017D69009ADF8D /* zKillboard */ = {
			isa = PBXGroup;
			children = (
				1203E8721F017D82009ADF8D /* ZKillboard.swift */,
			);
			name = zKillboard;
			sourceTree = "<group>";
		};
		122B54F51EB600E700E46536 /* Deprecated */ = {
			isa = PBXGroup;
			children = (
				1288F01C1DEB8C5B00FD7FBE /* Utility */,
				123825661DEC8BA30031A884 /* Account */,
				123825801DED7A070031A884 /* Char */,
				12A266DB1DEE1D8C00DC8291 /* Corp */,
				12A266FC1DEE432500DC8291 /* Eve */,
				12A267151DEEBE2300DC8291 /* Map */,
				1288F01F1DEB8D7300FD7FBE /* Server */,
				12A2671E1DEEC38000DC8291 /* API */,
				12A267211DEEC52C00DC8291 /* Image */,
				12A267241DEEC7A900DC8291 /* EVEOnlineAPI.swift */,
			);
			name = Deprecated;
			sourceTree = "<group>";
		};
		122B55521EB7154F00E46536 /* evecodegen */ = {
			isa = PBXGroup;
			children = (
				122B55531EB7154F00E46536 /* Account.swift */,
				122B55541EB7154F00E46536 /* Api.swift */,
				12D39D0B1EF923C90077BD17 /* Eve.swift */,
				122B55551EB7154F00E46536 /* Char.swift */,
				122B55561EB7154F00E46536 /* Corp.swift */,
				122071A31EF4188A007D86CE /* EVEGlobal.swift */,
			);
			path = evecodegen;
			sourceTree = "<group>";
		};
		123825661DEC8BA30031A884 /* Account */ = {
			isa = PBXGroup;
			children = (
				123825671DEC8D8F0031A884 /* EVEAccountStatus.swift */,
				123825691DEC90070031A884 /* EVEAPIKeyInfo.swift */,
				1238256B1DECB6D90031A884 /* EVECharacters.swift */,
			);
			name = Account;
			sourceTree = "<group>";
		};
		123825801DED7A070031A884 /* Char */ = {
			isa = PBXGroup;
			children = (
				123825811DED7A780031A884 /* EVEAccountBalance.swift */,
				123825831DED7B440031A884 /* EVEAssetList.swift */,
				12A266931DED805E00DC8291 /* EVEBlueprints.swift */,
				12A266951DED815300DC8291 /* EVEBookmarks.swift */,
				12A266971DED85F000DC8291 /* EVECalendarEventAttendees.swift */,
				12A266991DED8B7C00DC8291 /* EVECharacterSheet.swift */,
				12A2669B1DED9A5100DC8291 /* EVEChatChannels.swift */,
				12A2669D1DED9DD500DC8291 /* EVEClones.swift */,
				12A2669F1DEDB57700DC8291 /* EVEContactList.swift */,
				12A266A11DEDB8B300DC8291 /* EVEContactNotifications.swift */,
				12A266A31DEDBA0B00DC8291 /* EVEContractBids.swift */,
				12A266A51DEDBAAF00DC8291 /* EVEContractItems.swift */,
				12A266A71DEDBB9100DC8291 /* EVEContracts.swift */,
				12A266D91DEE1C4800DC8291 /* EVEFacWarStats.swift */,
				12A266A91DEDC48000DC8291 /* EVEIndustryJobs.swift */,
				12A266AB1DEDC94200DC8291 /* EVEIndustryJobsHistory.swift */,
				12A266AF1DEDCAC900DC8291 /* EVEKillMails.swift */,
				12A266B11DEDCF3C00DC8291 /* EVELocations.swift */,
				12A266B31DEDD06500DC8291 /* EVEMailBodies.swift */,
				12A266B51DEDD37F00DC8291 /* EVEMailingLists.swift */,
				12A266B71DEDD7EF00DC8291 /* EVEMailMessages.swift */,
				12A266B91DEDD96500DC8291 /* EVEMarketOrders.swift */,
				12A266BB1DEDDBE800DC8291 /* EVECharMedals.swift */,
				12A266BD1DEDFBF100DC8291 /* EVENotifications.swift */,
				12A266BF1DEDFFE200DC8291 /* EVENotificationTexts.swift */,
				12A266C11DEE005600DC8291 /* EVEPlanetaryColonies.swift */,
				12A266C31DEE018000DC8291 /* EVEPlanetaryLinks.swift */,
				12A266C51DEE043A00DC8291 /* EVEPlanetaryPins.swift */,
				12A266C71DEE064B00DC8291 /* EVEPlanetaryRoutes.swift */,
				12A266C91DEE074C00DC8291 /* EVEResearch.swift */,
				12A266CB1DEE07F300DC8291 /* EVESkillInTraining.swift */,
				12A266CD1DEE08DA00DC8291 /* EVESkillQueue.swift */,
				12A266CF1DEE09CD00DC8291 /* EVESkills.swift */,
				12A266D11DEE0AD900DC8291 /* EVECharStandings.swift */,
				12A266D31DEE0BF100DC8291 /* EVEUpcomingCalendarEvents.swift */,
				12A266D51DEE0DFA00DC8291 /* EVEWalletJournal.swift */,
				12A266D71DEE189100DC8291 /* EVEWalletTransactions.swift */,
			);
			name = Char;
			sourceTree = "<group>";
		};
		126295DA1EEAD16C00796B27 /* codegen */ = {
			isa = PBXGroup;
			children = (
				126295DB1EEAD16C00796B27 /* Alliance.swift */,
				126295DC1EEAD16C00796B27 /* Assets.swift */,
				126295DD1EEAD16C00796B27 /* Bookmarks.swift */,
				126295DE1EEAD16C00796B27 /* Calendar.swift */,
				126295DF1EEAD16C00796B27 /* Character.swift */,
				126295E01EEAD16C00796B27 /* Clones.swift */,
				126295E11EEAD16C00796B27 /* Contacts.swift */,
				12D39D111EF949500077BD17 /* Contracts.swift */,
				126295E21EEAD16C00796B27 /* Corporation.swift */,
				126295E31EEAD16C00796B27 /* Dogma.swift */,
				128C5F6C1F41859B0038FE7D /* FactionWarfare.swift */,
				126295E41EEAD16C00796B27 /* Fittings.swift */,
				126295E51EEAD16C00796B27 /* Fleets.swift */,
				126295E61EEAD16C00796B27 /* Global.swift */,
				126295E71EEAD16C00796B27 /* Incursions.swift */,
				126295E81EEAD16C00796B27 /* Industry.swift */,
				126295E91EEAD16C00796B27 /* Insurance.swift */,
				126295EA1EEAD16C00796B27 /* Killmails.swift */,
				126295EB1EEAD16C00796B27 /* Location.swift */,
				126295EC1EEAD16C00796B27 /* Loyalty.swift */,
				126295ED1EEAD16C00796B27 /* Mail.swift */,
				126295EE1EEAD16C00796B27 /* Market.swift */,
				126295EF1EEAD16C00796B27 /* Opportunities.swift */,
				126295F01EEAD16C00796B27 /* PlanetaryInteraction.swift */,
				126295F11EEAD16C00796B27 /* Routes.swift */,
				126295F21EEAD16C00796B27 /* Search.swift */,
				126295F31EEAD16C00796B27 /* Skills.swift */,
				126295F41EEAD16C00796B27 /* Sovereignty.swift */,
				126295F51EEAD16C00796B27 /* Status.swift */,
				126295F61EEAD16C00796B27 /* Universe.swift */,
				126295F71EEAD16C00796B27 /* UserInterface.swift */,
				126295F81EEAD16C00796B27 /* Wallet.swift */,
				126295F91EEAD16C00796B27 /* Wars.swift */,
			);
			path = codegen;
			sourceTree = "<group>";
		};
		1288F01A1DEB8C3E00FD7FBE /* Utility */ = {
			isa = PBXGroup;
			children = (
				1288F0181DEB79ED00FD7FBE /* XMLParserExtension.swift */,
				12AB658C1DEB39D6003AA683 /* DateFormatterExtension.swift */,
			);
			name = Utility;
			sourceTree = "<group>";
		};
		1288F01B1DEB8C5300FD7FBE /* EVEAPI */ = {
			isa = PBXGroup;
			children = (
				122B54F51EB600E700E46536 /* Deprecated */,
				122B55521EB7154F00E46536 /* evecodegen */,
				122B55461EB601A000E46536 /* EVE.swift */,
			);
			name = EVEAPI;
			sourceTree = "<group>";
		};
		1288F01C1DEB8C5B00FD7FBE /* Utility */ = {
			isa = PBXGroup;
			children = (
				12AB65881DEB3528003AA683 /* NSString+md5.h */,
				12AB65891DEB3528003AA683 /* NSString+md5.m */,
				12AB65781DEA0286003AA683 /* Synchronized.swift */,
				12AB657A1DEA06D6003AA683 /* DictionaryExtension.swift */,
				12AC8DAB1DEF59FD00561A7A /* ArrayExtension.swift */,
				12AB65711DE9AAFF003AA683 /* EVEHTTPSessionManager.swift */,
				12AB65761DE9ABF3003AA683 /* EVEHTTPCachedContent.swift */,
				1288F01D1DEB8C8600FD7FBE /* EVEObject.swift */,
				123825601DEC199E0031A884 /* EVEAPIObject.swift */,
				123825621DEC1AD20031A884 /* EVEResult.swift */,
				123825641DEC1E240031A884 /* EVEAPISerializer.swift */,
				123825851DED7BD60031A884 /* EVEConstants.swift */,
			);
			name = Utility;
			sourceTree = "<group>";
		};
		1288F01F1DEB8D7300FD7FBE /* Server */ = {
			isa = PBXGroup;
			children = (
				1288F0201DEB8D8B00FD7FBE /* EVEServerStatus.swift */,
			);
			name = Server;
			sourceTree = "<group>";
		};
		1295ED3C1DF6E1B50048C895 /* CREST */ = {
			isa = PBXGroup;
			children = (
				1295ED3E1DF6E33A0048C895 /* CRAPI.swift */,
				1295ED4A1DF843740048C895 /* CRResult.swift */,
				1295ED4C1DF844780048C895 /* CRFittingCollection.swift */,
				1295ED4E1DF846130048C895 /* CRType.swift */,
			);
			name = CREST;
			sourceTree = "<group>";
		};
		1295ED501DF85CAF0048C895 /* ESI */ = {
			isa = PBXGroup;
			children = (
				126295DA1EEAD16C00796B27 /* codegen */,
				1231C8081E9EB3D900CA409A /* Helper.swift */,
				1231C80B1E9EB42500CA409A /* ESI.swift */,
				1295ED481DF8169F0048C895 /* OAuth2.swift */,
			);
			name = ESI;
			sourceTree = "<group>";
		};
		12A266DB1DEE1D8C00DC8291 /* Corp */ = {
			isa = PBXGroup;
			children = (
				12A266DC1DEE1D9B00DC8291 /* EVEContainerLog.swift */,
				12A266DE1DEE1FCB00DC8291 /* EVECorporationSheet.swift */,
				12A266E01DEE231600DC8291 /* EVECustomsOffices.swift */,
				12A266E21DEE2DD400DC8291 /* EVEFacilities.swift */,
				12A266E41DEE2EA400DC8291 /* EVECorpMedals.swift */,
				12A266E61DEE304500DC8291 /* EVEMemberMedals.swift */,
				12A266E81DEE311400DC8291 /* EVEMemberSecurity.swift */,
				12A266EA1DEE32DF00DC8291 /* EVEMemberSecurityLog.swift */,
				12A266EC1DEE356400DC8291 /* EVEMemberTracking.swift */,
				12A266EE1DEE368F00DC8291 /* EVEOutpostList.swift */,
				12A266F01DEE37C300DC8291 /* EVEOutpostServiceDetail.swift */,
				12A266F21DEE384400DC8291 /* EVEShareholders.swift */,
				12A266F41DEE3A7200DC8291 /* EVECorpStandings.swift */,
				12A266F61DEE3AF100DC8291 /* EVEStarbaseDetail.swift */,
				12A266F81DEE3DB100DC8291 /* EVEStarbaseList.swift */,
				12A266FA1DEE3F1200DC8291 /* EVETitles.swift */,
			);
			name = Corp;
			sourceTree = "<group>";
		};
		12A266FC1DEE432500DC8291 /* Eve */ = {
			isa = PBXGroup;
			children = (
				12A266FD1DEE433F00DC8291 /* EVEAllianceList.swift */,
				12A266FF1DEE45A500DC8291 /* EVECharacterAffiliation.swift */,
				12A267011DEE460D00DC8291 /* EVECharacterID.swift */,
				12A267031DEE467A00DC8291 /* EVECharacterInfo.swift */,
				12A267051DEE4A0400DC8291 /* EVECharacterName.swift */,
				12A267071DEE4A5B00DC8291 /* EVEConquerableStationList.swift */,
				12A267261DEF1CDF00DC8291 /* EVEErrorList.swift */,
				12A267091DEE4C1400DC8291 /* EVEFacWarGlobalStats.swift */,
				12A2670B1DEEB20000DC8291 /* EVEFacWarTopStats.swift */,
				12A2670D1DEEB82000DC8291 /* EVEOwnerID.swift */,
				12A2670F1DEEB89900DC8291 /* EVERefTypes.swift */,
				12A267111DEEB92C00DC8291 /* EVESkillTree.swift */,
				12A267131DEEBD9500DC8291 /* EVETypeName.swift */,
			);
			name = Eve;
			sourceTree = "<group>";
		};
		12A267151DEEBE2300DC8291 /* Map */ = {
			isa = PBXGroup;
			children = (
				12A267161DEEC07900DC8291 /* EVEFacWarSystems.swift */,
				12A267181DEEC1B700DC8291 /* EVEJumps.swift */,
				12A2671A1DEEC20D00DC8291 /* EVEKills.swift */,
				12A2671C1DEEC2C800DC8291 /* EVESovereignty.swift */,
			);
			name = Map;
			sourceTree = "<group>";
		};
		12A2671E1DEEC38000DC8291 /* API */ = {
			isa = PBXGroup;
			children = (
				12A2671F1DEEC39300DC8291 /* EVECallList.swift */,
			);
			name = API;
			sourceTree = "<group>";
		};
		12A267211DEEC52C00DC8291 /* Image */ = {
			isa = PBXGroup;
			children = (
				12A267221DEEC55000DC8291 /* EVEImage.swift */,
			);
			name = Image;
			sourceTree = "<group>";
		};
		12AB65421DE9A993003AA683 = {
			isa = PBXGroup;
			children = (
				12AB654E1DE9A994003AA683 /* EVEAPI */,
				12AB654D1DE9A994003AA683 /* Products */,
				12AB65731DE9AB21003AA683 /* Frameworks */,
			);
			sourceTree = "<group>";
		};
		12AB654D1DE9A994003AA683 /* Products */ = {
			isa = PBXGroup;
			children = (
				12AB654C1DE9A994003AA683 /* EVEAPI.framework */,
			);
			name = Products;
			sourceTree = "<group>";
		};
		12AB654E1DE9A994003AA683 /* EVEAPI */ = {
			isa = PBXGroup;
			children = (
				12CFDAF71F053D4E00CC0762 /* RSS */,
				1288F01A1DEB8C3E00FD7FBE /* Utility */,
				1288F01B1DEB8C5300FD7FBE /* EVEAPI */,
				1295ED3C1DF6E1B50048C895 /* CREST */,
				1295ED501DF85CAF0048C895 /* ESI */,
				1203E8711F017D69009ADF8D /* zKillboard */,
				12AB654F1DE9A994003AA683 /* EVEAPI.h */,
				12AB65501DE9A994003AA683 /* Info.plist */,
			);
			path = EVEAPI;
			sourceTree = "<group>";
		};
		12AB65731DE9AB21003AA683 /* Frameworks */ = {
			isa = PBXGroup;
			children = (
				126AF8F1211AE2D9008ED515 /* Futures.framework */,
				126FA8031DFD761C005FFDD3 /* Alamofire.framework */,
				12AB65741DE9AB22003AA683 /* AFNetworking.framework */,
			);
			name = Frameworks;
			sourceTree = "<group>";
		};
		12CFDAF71F053D4E00CC0762 /* RSS */ = {
			isa = PBXGroup;
			children = (
				12CFDAF81F053D6700CC0762 /* rss.swift */,
			);
			name = RSS;
			sourceTree = "<group>";
		};
/* End PBXGroup section */

/* Begin PBXHeadersBuildPhase section */
		12AB65491DE9A993003AA683 /* Headers */ = {
			isa = PBXHeadersBuildPhase;
			buildActionMask = 2147483647;
			files = (
				12AB65511DE9A994003AA683 /* EVEAPI.h in Headers */,
			);
			runOnlyForDeploymentPostprocessing = 0;
		};
/* End PBXHeadersBuildPhase section */

/* Begin PBXNativeTarget section */
		12AB654B1DE9A993003AA683 /* EVEAPI */ = {
			isa = PBXNativeTarget;
			buildConfigurationList = 12AB65541DE9A994003AA683 /* Build configuration list for PBXNativeTarget "EVEAPI" */;
			buildPhases = (
				12AB65471DE9A993003AA683 /* Sources */,
				12AB65481DE9A993003AA683 /* Frameworks */,
				12AB65491DE9A993003AA683 /* Headers */,
				12AB654A1DE9A993003AA683 /* Resources */,
			);
			buildRules = (
			);
			dependencies = (
			);
			name = EVEAPI;
			productName = EVEAPI;
			productReference = 12AB654C1DE9A994003AA683 /* EVEAPI.framework */;
			productType = "com.apple.product-type.framework";
		};
/* End PBXNativeTarget section */

/* Begin PBXProject section */
		12AB65431DE9A993003AA683 /* Project object */ = {
			isa = PBXProject;
			attributes = {
				LastUpgradeCheck = 0940;
				ORGANIZATIONNAME = "Artem Shimanski";
				TargetAttributes = {
					12AB654B1DE9A993003AA683 = {
						CreatedOnToolsVersion = 8.1;
						DevelopmentTeam = YB4RLQ4M9A;
						LastSwiftMigration = 1000;
						ProvisioningStyle = Automatic;
					};
				};
			};
			buildConfigurationList = 12AB65461DE9A993003AA683 /* Build configuration list for PBXProject "EVEAPI" */;
			compatibilityVersion = "Xcode 3.2";
			developmentRegion = English;
			hasScannedForEncodings = 0;
			knownRegions = (
				en,
			);
			mainGroup = 12AB65421DE9A993003AA683;
			productRefGroup = 12AB654D1DE9A994003AA683 /* Products */;
			projectDirPath = "";
			projectRoot = "";
			targets = (
				12AB654B1DE9A993003AA683 /* EVEAPI */,
			);
		};
/* End PBXProject section */

/* Begin PBXResourcesBuildPhase section */
		12AB654A1DE9A993003AA683 /* Resources */ = {
			isa = PBXResourcesBuildPhase;
			buildActionMask = 2147483647;
			files = (
			);
			runOnlyForDeploymentPostprocessing = 0;
		};
/* End PBXResourcesBuildPhase section */

/* Begin PBXSourcesBuildPhase section */
		12AB65471DE9A993003AA683 /* Sources */ = {
			isa = PBXSourcesBuildPhase;
			buildActionMask = 2147483647;
			files = (
				1262960C1EEAD16C00796B27 /* Mail.swift in Sources */,
				126296141EEAD16C00796B27 /* Status.swift in Sources */,
				1284C1442133D6D900AF52C2 /* XMLParserExtension.swift in Sources */,
				12809FE420034D35006AE91F /* ZKillboard.swift in Sources */,
				1231FFE81FFF80040052B007 /* DateFormatterExtension.swift in Sources */,
				126296091EEAD16C00796B27 /* Killmails.swift in Sources */,
				126296131EEAD16C00796B27 /* Sovereignty.swift in Sources */,
				126295FD1EEAD16C00796B27 /* Calendar.swift in Sources */,
				126296021EEAD16C00796B27 /* Dogma.swift in Sources */,
				1262960D1EEAD16C00796B27 /* Market.swift in Sources */,
				12D39D121EF949500077BD17 /* Contracts.swift in Sources */,
				1262960F1EEAD16C00796B27 /* PlanetaryInteraction.swift in Sources */,
				126296121EEAD16C00796B27 /* Skills.swift in Sources */,
				126296011EEAD16C00796B27 /* Corporation.swift in Sources */,
				126296031EEAD16C00796B27 /* Fittings.swift in Sources */,
				1231C80A1E9EB3D900CA409A /* Helper.swift in Sources */,
				126296071EEAD16C00796B27 /* Industry.swift in Sources */,
				126295FC1EEAD16C00796B27 /* Bookmarks.swift in Sources */,
				126296181EEAD16C00796B27 /* Wars.swift in Sources */,
				126296101EEAD16C00796B27 /* Routes.swift in Sources */,
				126296081EEAD16C00796B27 /* Insurance.swift in Sources */,
				126296161EEAD16C00796B27 /* UserInterface.swift in Sources */,
				12809FE5200352C5006AE91F /* rss.swift in Sources */,
				1262960E1EEAD16C00796B27 /* Opportunities.swift in Sources */,
				126295FF1EEAD16C00796B27 /* Clones.swift in Sources */,
				126296061EEAD16C00796B27 /* Incursions.swift in Sources */,
				1231C80C1E9EB42500CA409A /* ESI.swift in Sources */,
				126295FB1EEAD16C00796B27 /* Assets.swift in Sources */,
				126295FA1EEAD16C00796B27 /* Alliance.swift in Sources */,
				1262960B1EEAD16C00796B27 /* Loyalty.swift in Sources */,
				126296051EEAD16C00796B27 /* Global.swift in Sources */,
				128C5F6D1F41859B0038FE7D /* FactionWarfare.swift in Sources */,
				126296111EEAD16C00796B27 /* Search.swift in Sources */,
				126296171EEAD16C00796B27 /* Wallet.swift in Sources */,
				1295ED491DF8169F0048C895 /* OAuth2.swift in Sources */,
				126296151EEAD16C00796B27 /* Universe.swift in Sources */,
				126295FE1EEAD16C00796B27 /* Character.swift in Sources */,
				1262960A1EEAD16C00796B27 /* Location.swift in Sources */,
				126296041EEAD16C00796B27 /* Fleets.swift in Sources */,
				126296001EEAD16C00796B27 /* Contacts.swift in Sources */,
			);
			runOnlyForDeploymentPostprocessing = 0;
		};
/* End PBXSourcesBuildPhase section */

/* Begin XCBuildConfiguration section */
		12AB65521DE9A994003AA683 /* Debug */ = {
			isa = XCBuildConfiguration;
			buildSettings = {
				ALWAYS_SEARCH_USER_PATHS = NO;
				CLANG_ANALYZER_NONNULL = YES;
				CLANG_CXX_LANGUAGE_STANDARD = "gnu++0x";
				CLANG_CXX_LIBRARY = "libc++";
				CLANG_ENABLE_MODULES = YES;
				CLANG_ENABLE_OBJC_ARC = YES;
				CLANG_WARN_BLOCK_CAPTURE_AUTORELEASING = YES;
				CLANG_WARN_BOOL_CONVERSION = YES;
				CLANG_WARN_COMMA = YES;
				CLANG_WARN_CONSTANT_CONVERSION = YES;
				CLANG_WARN_DEPRECATED_OBJC_IMPLEMENTATIONS = YES;
				CLANG_WARN_DIRECT_OBJC_ISA_USAGE = YES_ERROR;
				CLANG_WARN_DOCUMENTATION_COMMENTS = YES;
				CLANG_WARN_EMPTY_BODY = YES;
				CLANG_WARN_ENUM_CONVERSION = YES;
				CLANG_WARN_INFINITE_RECURSION = YES;
				CLANG_WARN_INT_CONVERSION = YES;
				CLANG_WARN_NON_LITERAL_NULL_CONVERSION = YES;
				CLANG_WARN_OBJC_IMPLICIT_RETAIN_SELF = YES;
				CLANG_WARN_OBJC_LITERAL_CONVERSION = YES;
				CLANG_WARN_OBJC_ROOT_CLASS = YES_ERROR;
				CLANG_WARN_RANGE_LOOP_ANALYSIS = YES;
				CLANG_WARN_STRICT_PROTOTYPES = YES;
				CLANG_WARN_SUSPICIOUS_MOVE = YES;
				CLANG_WARN_SUSPICIOUS_MOVES = YES;
				CLANG_WARN_UNREACHABLE_CODE = YES;
				CLANG_WARN__DUPLICATE_METHOD_MATCH = YES;
				"CODE_SIGN_IDENTITY[sdk=iphoneos*]" = "iPhone Developer";
				COPY_PHASE_STRIP = NO;
				CURRENT_PROJECT_VERSION = 1;
				DEBUG_INFORMATION_FORMAT = dwarf;
				ENABLE_STRICT_OBJC_MSGSEND = YES;
				ENABLE_TESTABILITY = YES;
				GCC_C_LANGUAGE_STANDARD = gnu99;
				GCC_DYNAMIC_NO_PIC = NO;
				GCC_NO_COMMON_BLOCKS = YES;
				GCC_OPTIMIZATION_LEVEL = 0;
				GCC_PREPROCESSOR_DEFINITIONS = (
					"DEBUG=1",
					"$(inherited)",
				);
				GCC_WARN_64_TO_32_BIT_CONVERSION = YES;
				GCC_WARN_ABOUT_RETURN_TYPE = YES_ERROR;
				GCC_WARN_UNDECLARED_SELECTOR = YES;
				GCC_WARN_UNINITIALIZED_AUTOS = YES_AGGRESSIVE;
				GCC_WARN_UNUSED_FUNCTION = YES;
				GCC_WARN_UNUSED_VARIABLE = YES;
				IPHONEOS_DEPLOYMENT_TARGET = 10.1;
				MTL_ENABLE_DEBUG_INFO = YES;
				ONLY_ACTIVE_ARCH = YES;
				SDKROOT = iphoneos;
				SWIFT_ACTIVE_COMPILATION_CONDITIONS = DEBUG;
				SWIFT_OPTIMIZATION_LEVEL = "-Onone";
				TARGETED_DEVICE_FAMILY = "1,2";
				VERSIONING_SYSTEM = "apple-generic";
				VERSION_INFO_PREFIX = "";
			};
			name = Debug;
		};
		12AB65531DE9A994003AA683 /* Release */ = {
			isa = XCBuildConfiguration;
			buildSettings = {
				ALWAYS_SEARCH_USER_PATHS = NO;
				CLANG_ANALYZER_NONNULL = YES;
				CLANG_CXX_LANGUAGE_STANDARD = "gnu++0x";
				CLANG_CXX_LIBRARY = "libc++";
				CLANG_ENABLE_MODULES = YES;
				CLANG_ENABLE_OBJC_ARC = YES;
				CLANG_WARN_BLOCK_CAPTURE_AUTORELEASING = YES;
				CLANG_WARN_BOOL_CONVERSION = YES;
				CLANG_WARN_COMMA = YES;
				CLANG_WARN_CONSTANT_CONVERSION = YES;
				CLANG_WARN_DEPRECATED_OBJC_IMPLEMENTATIONS = YES;
				CLANG_WARN_DIRECT_OBJC_ISA_USAGE = YES_ERROR;
				CLANG_WARN_DOCUMENTATION_COMMENTS = YES;
				CLANG_WARN_EMPTY_BODY = YES;
				CLANG_WARN_ENUM_CONVERSION = YES;
				CLANG_WARN_INFINITE_RECURSION = YES;
				CLANG_WARN_INT_CONVERSION = YES;
				CLANG_WARN_NON_LITERAL_NULL_CONVERSION = YES;
				CLANG_WARN_OBJC_IMPLICIT_RETAIN_SELF = YES;
				CLANG_WARN_OBJC_LITERAL_CONVERSION = YES;
				CLANG_WARN_OBJC_ROOT_CLASS = YES_ERROR;
				CLANG_WARN_RANGE_LOOP_ANALYSIS = YES;
				CLANG_WARN_STRICT_PROTOTYPES = YES;
				CLANG_WARN_SUSPICIOUS_MOVE = YES;
				CLANG_WARN_SUSPICIOUS_MOVES = YES;
				CLANG_WARN_UNREACHABLE_CODE = YES;
				CLANG_WARN__DUPLICATE_METHOD_MATCH = YES;
				"CODE_SIGN_IDENTITY[sdk=iphoneos*]" = "iPhone Developer";
				COPY_PHASE_STRIP = NO;
				CURRENT_PROJECT_VERSION = 1;
				DEBUG_INFORMATION_FORMAT = "dwarf-with-dsym";
				ENABLE_NS_ASSERTIONS = NO;
				ENABLE_STRICT_OBJC_MSGSEND = YES;
				GCC_C_LANGUAGE_STANDARD = gnu99;
				GCC_NO_COMMON_BLOCKS = YES;
				GCC_WARN_64_TO_32_BIT_CONVERSION = YES;
				GCC_WARN_ABOUT_RETURN_TYPE = YES_ERROR;
				GCC_WARN_UNDECLARED_SELECTOR = YES;
				GCC_WARN_UNINITIALIZED_AUTOS = YES_AGGRESSIVE;
				GCC_WARN_UNUSED_FUNCTION = YES;
				GCC_WARN_UNUSED_VARIABLE = YES;
				IPHONEOS_DEPLOYMENT_TARGET = 10.1;
				MTL_ENABLE_DEBUG_INFO = NO;
				SDKROOT = iphoneos;
				SWIFT_OPTIMIZATION_LEVEL = "-Owholemodule";
				TARGETED_DEVICE_FAMILY = "1,2";
				VALIDATE_PRODUCT = YES;
				VERSIONING_SYSTEM = "apple-generic";
				VERSION_INFO_PREFIX = "";
			};
			name = Release;
		};
		12AB65551DE9A994003AA683 /* Debug */ = {
			isa = XCBuildConfiguration;
			buildSettings = {
				CLANG_ENABLE_MODULES = YES;
				CODE_SIGN_IDENTITY = "";
				DEFINES_MODULE = YES;
				DEVELOPMENT_TEAM = YB4RLQ4M9A;
				DYLIB_COMPATIBILITY_VERSION = 1;
				DYLIB_CURRENT_VERSION = 1;
				DYLIB_INSTALL_NAME_BASE = "@rpath";
				INFOPLIST_FILE = EVEAPI/Info.plist;
				INSTALL_PATH = "$(LOCAL_LIBRARY_DIR)/Frameworks";
				IPHONEOS_DEPLOYMENT_TARGET = 10.0;
				LD_RUNPATH_SEARCH_PATHS = "$(inherited) @executable_path/Frameworks @loader_path/Frameworks";
				MACH_O_TYPE = mh_dylib;
				PRODUCT_BUNDLE_IDENTIFIER = com.shimanski.EVEAPI;
				PRODUCT_NAME = "$(TARGET_NAME)";
				SKIP_INSTALL = YES;
				SWIFT_OPTIMIZATION_LEVEL = "-Onone";
				SWIFT_VERSION = 4.2;
			};
			name = Debug;
		};
		12AB65561DE9A994003AA683 /* Release */ = {
			isa = XCBuildConfiguration;
			buildSettings = {
				CLANG_ENABLE_MODULES = YES;
				CODE_SIGN_IDENTITY = "";
				DEFINES_MODULE = YES;
				DEVELOPMENT_TEAM = YB4RLQ4M9A;
				DYLIB_COMPATIBILITY_VERSION = 1;
				DYLIB_CURRENT_VERSION = 1;
				DYLIB_INSTALL_NAME_BASE = "@rpath";
				INFOPLIST_FILE = EVEAPI/Info.plist;
				INSTALL_PATH = "$(LOCAL_LIBRARY_DIR)/Frameworks";
				IPHONEOS_DEPLOYMENT_TARGET = 10.0;
				LD_RUNPATH_SEARCH_PATHS = "$(inherited) @executable_path/Frameworks @loader_path/Frameworks";
				MACH_O_TYPE = mh_dylib;
				PRODUCT_BUNDLE_IDENTIFIER = com.shimanski.EVEAPI;
				PRODUCT_NAME = "$(TARGET_NAME)";
				SKIP_INSTALL = YES;
				SWIFT_VERSION = 4.2;
			};
			name = Release;
		};
/* End XCBuildConfiguration section */

/* Begin XCConfigurationList section */
		12AB65461DE9A993003AA683 /* Build configuration list for PBXProject "EVEAPI" */ = {
			isa = XCConfigurationList;
			buildConfigurations = (
				12AB65521DE9A994003AA683 /* Debug */,
				12AB65531DE9A994003AA683 /* Release */,
			);
			defaultConfigurationIsVisible = 0;
			defaultConfigurationName = Release;
		};
		12AB65541DE9A994003AA683 /* Build configuration list for PBXNativeTarget "EVEAPI" */ = {
			isa = XCConfigurationList;
			buildConfigurations = (
				12AB65551DE9A994003AA683 /* Debug */,
				12AB65561DE9A994003AA683 /* Release */,
			);
			defaultConfigurationIsVisible = 0;
			defaultConfigurationName = Release;
		};
/* End XCConfigurationList section */
	};
	rootObject = 12AB65431DE9A993003AA683 /* Project object */;
}
